
Microsoft Visual Studio Solution File, Format Version 12.00
# Visual Studio Version 16
VisualStudioVersion = 16.0.30804.86
MinimumVisualStudioVersion = 10.0.40219.1
Project("{FAE04EC0-301F-11D3-BF4B-00C04F79EFBC}") = "Assignment3", "Assignment3.csproj", "{61DE2A4E-A180-4D6E-8ADD-C1C59B3C46C5}"
EndProject
Global
	GlobalSection(SolutionConfigurationPlatforms) = preSolution
		Debug|Any CPU = Debug|Any CPU
		Release|Any CPU = Release|Any CPU
	EndGlobalSection
	GlobalSection(ProjectConfigurationPlatforms) = postSolution
		{61DE2A4E-A180-4D6E-8ADD-C1C59B3C46C5}.Debug|Any CPU.ActiveCfg = Debug|Any CPU
		{61DE2A4E-A180-4D6E-8ADD-C1C59B3C46C5}.Debug|Any CPU.Build.0 = Debug|Any CPU
		{61DE2A4E-A180-4D6E-8ADD-C1C59B3C46C5}.Release|Any CPU.ActiveCfg = Release|Any CPU
		{61DE2A4E-A180-4D6E-8ADD-C1C59B3C46C5}.Release|Any CPU.Build.0 = Release|Any CPU
	EndGlobalSection
	GlobalSection(SolutionProperties) = preSolution
		HideSolutionNode = FALSE
	EndGlobalSection
	GlobalSection(ExtensibilityGlobals) = postSolution
		SolutionGuid = {BD9D4B8F-C16B-41E9-9EF3-D3EAB97DBF40}
	EndGlobalSection
EndGlobal
